
Microsoft Visual Studio Solution File, Format Version 12.00
# Visual Studio Version 17
VisualStudioVersion = 17.0.31903.59
MinimumVisualStudioVersion = 10.0.40219.1
Project("{FAE04EC0-301F-11D3-BF4B-00C04F79EFBC}") = "Exercise_PrimeFactorsLib", "Exercise_PrimeFactorsLib\Exercise_PrimeFactorsLib.csproj", "{912CD3CB-E866-4F70-9683-A223CAAC4C27}"
EndProject
Project("{FAE04EC0-301F-11D3-BF4B-00C04F79EFBC}") = "Exercise_PrimeFactorsTests", "Exercise_PrimeFactorsTests\Exercise_PrimeFactorsTests.csproj", "{8E338CB8-D606-4997-B308-68D2DE43002D}"
EndProject
Project("{FAE04EC0-301F-11D3-BF4B-00C04F79EFBC}") = "Exercise_PrimeFactorsApp", "Exercise_PrimeFactorsApp\Exercise_PrimeFactorsApp.csproj", "{D2FDAAFC-077B-421D-97FF-F082C156E01A}"
EndProject
Global
	GlobalSection(SolutionConfigurationPlatforms) = preSolution
		Debug|Any CPU = Debug|Any CPU
		Debug|x64 = Debug|x64
		Debug|x86 = Debug|x86
		Release|Any CPU = Release|Any CPU
		Release|x64 = Release|x64
		Release|x86 = Release|x86
	EndGlobalSection
	GlobalSection(ProjectConfigurationPlatforms) = postSolution
		{912CD3CB-E866-4F70-9683-A223CAAC4C27}.Debug|Any CPU.ActiveCfg = Debug|Any CPU
		{912CD3CB-E866-4F70-9683-A223CAAC4C27}.Debug|Any CPU.Build.0 = Debug|Any CPU
		{912CD3CB-E866-4F70-9683-A223CAAC4C27}.Debug|x64.ActiveCfg = Debug|Any CPU
		{912CD3CB-E866-4F70-9683-A223CAAC4C27}.Debug|x64.Build.0 = Debug|Any CPU
		{912CD3CB-E866-4F70-9683-A223CAAC4C27}.Debug|x86.ActiveCfg = Debug|Any CPU
		{912CD3CB-E866-4F70-9683-A223CAAC4C27}.Debug|x86.Build.0 = Debug|Any CPU
		{912CD3CB-E866-4F70-9683-A223CAAC4C27}.Release|Any CPU.ActiveCfg = Release|Any CPU
		{912CD3CB-E866-4F70-9683-A223CAAC4C27}.Release|Any CPU.Build.0 = Release|Any CPU
		{912CD3CB-E866-4F70-9683-A223CAAC4C27}.Release|x64.ActiveCfg = Release|Any CPU
		{912CD3CB-E866-4F70-9683-A223CAAC4C27}.Release|x64.Build.0 = Release|Any CPU
		{912CD3CB-E866-4F70-9683-A223CAAC4C27}.Release|x86.ActiveCfg = Release|Any CPU
		{912CD3CB-E866-4F70-9683-A223CAAC4C27}.Release|x86.Build.0 = Release|Any CPU
		{8E338CB8-D606-4997-B308-68D2DE43002D}.Debug|Any CPU.ActiveCfg = Debug|Any CPU
		{8E338CB8-D606-4997-B308-68D2DE43002D}.Debug|Any CPU.Build.0 = Debug|Any CPU
		{8E338CB8-D606-4997-B308-68D2DE43002D}.Debug|x64.ActiveCfg = Debug|Any CPU
		{8E338CB8-D606-4997-B308-68D2DE43002D}.Debug|x64.Build.0 = Debug|Any CPU
		{8E338CB8-D606-4997-B308-68D2DE43002D}.Debug|x86.ActiveCfg = Debug|Any CPU
		{8E338CB8-D606-4997-B308-68D2DE43002D}.Debug|x86.Build.0 = Debug|Any CPU
		{8E338CB8-D606-4997-B308-68D2DE43002D}.Release|Any CPU.ActiveCfg = Release|Any CPU
		{8E338CB8-D606-4997-B308-68D2DE43002D}.Release|Any CPU.Build.0 = Release|Any CPU
		{8E338CB8-D606-4997-B308-68D2DE43002D}.Release|x64.ActiveCfg = Release|Any CPU
		{8E338CB8-D606-4997-B308-68D2DE43002D}.Release|x64.Build.0 = Release|Any CPU
		{8E338CB8-D606-4997-B308-68D2DE43002D}.Release|x86.ActiveCfg = Release|Any CPU
		{8E338CB8-D606-4997-B308-68D2DE43002D}.Release|x86.Build.0 = Release|Any CPU
		{D2FDAAFC-077B-421D-97FF-F082C156E01A}.Debug|Any CPU.ActiveCfg = Debug|Any CPU
		{D2FDAAFC-077B-421D-97FF-F082C156E01A}.Debug|Any CPU.Build.0 = Debug|Any CPU
		{D2FDAAFC-077B-421D-97FF-F082C156E01A}.Debug|x64.ActiveCfg = Debug|Any CPU
		{D2FDAAFC-077B-421D-97FF-F082C156E01A}.Debug|x64.Build.0 = Debug|Any CPU
		{D2FDAAFC-077B-421D-97FF-F082C156E01A}.Debug|x86.ActiveCfg = Debug|Any CPU
		{D2FDAAFC-077B-421D-97FF-F082C156E01A}.Debug|x86.Build.0 = Debug|Any CPU
		{D2FDAAFC-077B-421D-97FF-F082C156E01A}.Release|Any CPU.ActiveCfg = Release|Any CPU
		{D2FDAAFC-077B-421D-97FF-F082C156E01A}.Release|Any CPU.Build.0 = Release|Any CPU
		{D2FDAAFC-077B-421D-97FF-F082C156E01A}.Release|x64.ActiveCfg = Release|Any CPU
		{D2FDAAFC-077B-421D-97FF-F082C156E01A}.Release|x64.Build.0 = Release|Any CPU
		{D2FDAAFC-077B-421D-97FF-F082C156E01A}.Release|x86.ActiveCfg = Release|Any CPU
		{D2FDAAFC-077B-421D-97FF-F082C156E01A}.Release|x86.Build.0 = Release|Any CPU
	EndGlobalSection
	GlobalSection(SolutionProperties) = preSolution
		HideSolutionNode = FALSE
	EndGlobalSection
EndGlobal
